github.com/sunwardodin/dog v0.0.0-20240823141121-d89e23070a21 h1:jlIyoN1eR5BC/Y1lw8261/QLgztpLRhIGXJ6NYXgxyM=
github.com/sunwardodin/dog v0.0.0-20240823141121-d89e23070a21/go.mod h1:4OkU8ILb9oYkmIGGJqq8ALinwW3Buc9bfUGZm10MfVM=
github.com/sunwardodin/dog v0.0.0-20240823142114-a1ae6e80f589 h1:Yqf1MwzJ+XO6yg3A4PdrNDEc2/Q0joQ+m48rNyPmdIc=
github.com/sunwardodin/dog v0.0.0-20240823142114-a1ae6e80f589/go.mod h1:4OkU8ILb9oYkmIGGJqq8ALinwW3Buc9bfUGZm10MfVM=
